
Microsoft Visual Studio Solution File, Format Version 12.00
# Visual Studio Version 17
VisualStudioVersion = 17.3.32804.467
MinimumVisualStudioVersion = 10.0.40219.1
Project("{FAE04EC0-301F-11D3-BF4B-00C04F79EFBC}") = "DAl", "DAl\DAl.csproj", "{BD650500-CB50-470B-B82E-04F8A254A7A2}"
EndProject
Project("{FAE04EC0-301F-11D3-BF4B-00C04F79EFBC}") = "BlogWebApi", "BlogWebApi\BlogWebApi.csproj", "{4BF8EE25-B845-49B1-A36C-C175CD1CD59C}"
EndProject
Global
	GlobalSection(SolutionConfigurationPlatforms) = preSolution
		Debug|Any CPU = Debug|Any CPU
		Release|Any CPU = Release|Any CPU
	EndGlobalSection
	GlobalSection(ProjectConfigurationPlatforms) = postSolution
		{BD650500-CB50-470B-B82E-04F8A254A7A2}.Debug|Any CPU.ActiveCfg = Debug|Any CPU
		{BD650500-CB50-470B-B82E-04F8A254A7A2}.Debug|Any CPU.Build.0 = Debug|Any CPU
		{BD650500-CB50-470B-B82E-04F8A254A7A2}.Release|Any CPU.ActiveCfg = Release|Any CPU
		{BD650500-CB50-470B-B82E-04F8A254A7A2}.Release|Any CPU.Build.0 = Release|Any CPU
		{4BF8EE25-B845-49B1-A36C-C175CD1CD59C}.Debug|Any CPU.ActiveCfg = Debug|Any CPU
		{4BF8EE25-B845-49B1-A36C-C175CD1CD59C}.Debug|Any CPU.Build.0 = Debug|Any CPU
		{4BF8EE25-B845-49B1-A36C-C175CD1CD59C}.Release|Any CPU.ActiveCfg = Release|Any CPU
		{4BF8EE25-B845-49B1-A36C-C175CD1CD59C}.Release|Any CPU.Build.0 = Release|Any CPU
	EndGlobalSection
	GlobalSection(SolutionProperties) = preSolution
		HideSolutionNode = FALSE
	EndGlobalSection
	GlobalSection(ExtensibilityGlobals) = postSolution
		SolutionGuid = {8109042F-2BFF-4407-A774-87C4182132FB}
	EndGlobalSection
EndGlobal
